packages:
  - name: dbt_utils
    package: dbt-labs/dbt_utils
    version: 1.3.3
  - git: https://github.com/tuva-health/cms_alr_connector.git
    name: cms_aalr_connector
    revision: b10d6b6cd54af91b2ca04050d73bad5cb56cc5b0
  - git: https://github.com/tuva-health/medicare_cclf_connector.git
    name: medicare_cclf_connector
    revision: 603a258e3c649d6a4eb7d0835e8efc7d79371204
  - name: the_tuva_project
    package: tuva-health/the_tuva_project
    version: 0.17.2
  - name: dbt_expectations
    package: metaplane/dbt_expectations
    version: 0.10.10
  - git: https://github.com/tuva-health/dbt-data-reliability.git
    name: elementary
    revision: 382c570ccf4f8733e5323ae21aa4aa9fa849fedd
  - name: dbt_date
    package: godatadriven/dbt_date
    version: 0.17.2
sha1_hash: e9f7abdf88ff664c9ff0454f87486cc427532116
